
Microsoft Visual Studio Solution File, Format Version 12.00
# Visual Studio Version 17
VisualStudioVersion = 17.8.34330.188
MinimumVisualStudioVersion = 10.0.40219.1
Project("{2150E333-8FDC-42A3-9474-1A3956D46DE8}") = "corePackages", "corePackages", "{9822D9BB-E65C-4425-B648-C62CD34B63BC}"
EndProject
Project("{2150E333-8FDC-42A3-9474-1A3956D46DE8}") = "projects", "projects", "{43701CF9-B9DD-4E71-95E9-551CE857D4A2}"
EndProject
Project("{2150E333-8FDC-42A3-9474-1A3956D46DE8}") = "unitTest", "unitTest", "{F5D56F5F-A50D-498A-AB31-3A237D7F3718}"
EndProject
Project("{2150E333-8FDC-42A3-9474-1A3956D46DE8}") = "TechCareerFinalProject", "TechCareerFinalProject", "{3D984F55-4A72-46EE-A8D8-E81ADD9FACA5}"
EndProject
Project("{9A19103F-16F7-4668-BE54-9A1E7A4F7556}") = "WebAPI", "WebAPI\WebAPI.csproj", "{D84D2AB2-8E13-49DD-A2C9-3759FA64F0F0}"
EndProject
Project("{9A19103F-16F7-4668-BE54-9A1E7A4F7556}") = "DataAccess", "DataAccess\DataAccess.csproj", "{142D5BE6-0A61-427A-9A07-AC06771ADE0F}"
EndProject
Project("{9A19103F-16F7-4668-BE54-9A1E7A4F7556}") = "Models", "Models\Models.csproj", "{D06B9CE6-D0B3-41FD-BFC3-BCAFD07857DD}"
EndProject
Project("{9A19103F-16F7-4668-BE54-9A1E7A4F7556}") = "Service", "Service\Service.csproj", "{A663D979-F625-48B6-946A-80187265A98D}"
EndProject
Project("{9A19103F-16F7-4668-BE54-9A1E7A4F7556}") = "Core.CrossCuttingConcerns", "Core.CrossCuttingConcerns\Core.CrossCuttingConcerns.csproj", "{0166EC9C-0973-4653-B70B-ACBEA617B7C2}"
EndProject
Project("{9A19103F-16F7-4668-BE54-9A1E7A4F7556}") = "Core.Persistence", "Core.Persistence\Core.Persistence.csproj", "{85A92B23-5297-47FE-9C44-D99755C260D0}"
EndProject
Project("{9A19103F-16F7-4668-BE54-9A1E7A4F7556}") = "Core.Shared", "Core.Shared\Core.Shared.csproj", "{EF3A4B05-D399-4557-B208-C065E9E26198}"
EndProject
Project("{9A19103F-16F7-4668-BE54-9A1E7A4F7556}") = "Service.UnitTest", "unitTest\Service.UnitTest\Service.UnitTest.csproj", "{E3D0EBA9-F217-4201-88A8-CB9ED7E26AC2}"
EndProject
Global
	GlobalSection(SolutionConfigurationPlatforms) = preSolution
		Debug|Any CPU = Debug|Any CPU
		Release|Any CPU = Release|Any CPU
	EndGlobalSection
	GlobalSection(ProjectConfigurationPlatforms) = postSolution
		{D84D2AB2-8E13-49DD-A2C9-3759FA64F0F0}.Debug|Any CPU.ActiveCfg = Debug|Any CPU
		{D84D2AB2-8E13-49DD-A2C9-3759FA64F0F0}.Debug|Any CPU.Build.0 = Debug|Any CPU
		{D84D2AB2-8E13-49DD-A2C9-3759FA64F0F0}.Release|Any CPU.ActiveCfg = Release|Any CPU
		{D84D2AB2-8E13-49DD-A2C9-3759FA64F0F0}.Release|Any CPU.Build.0 = Release|Any CPU
		{142D5BE6-0A61-427A-9A07-AC06771ADE0F}.Debug|Any CPU.ActiveCfg = Debug|Any CPU
		{142D5BE6-0A61-427A-9A07-AC06771ADE0F}.Debug|Any CPU.Build.0 = Debug|Any CPU
		{142D5BE6-0A61-427A-9A07-AC06771ADE0F}.Release|Any CPU.ActiveCfg = Release|Any CPU
		{142D5BE6-0A61-427A-9A07-AC06771ADE0F}.Release|Any CPU.Build.0 = Release|Any CPU
		{D06B9CE6-D0B3-41FD-BFC3-BCAFD07857DD}.Debug|Any CPU.ActiveCfg = Debug|Any CPU
		{D06B9CE6-D0B3-41FD-BFC3-BCAFD07857DD}.Debug|Any CPU.Build.0 = Debug|Any CPU
		{D06B9CE6-D0B3-41FD-BFC3-BCAFD07857DD}.Release|Any CPU.ActiveCfg = Release|Any CPU
		{D06B9CE6-D0B3-41FD-BFC3-BCAFD07857DD}.Release|Any CPU.Build.0 = Release|Any CPU
		{A663D979-F625-48B6-946A-80187265A98D}.Debug|Any CPU.ActiveCfg = Debug|Any CPU
		{A663D979-F625-48B6-946A-80187265A98D}.Debug|Any CPU.Build.0 = Debug|Any CPU
		{A663D979-F625-48B6-946A-80187265A98D}.Release|Any CPU.ActiveCfg = Release|Any CPU
		{A663D979-F625-48B6-946A-80187265A98D}.Release|Any CPU.Build.0 = Release|Any CPU
		{0166EC9C-0973-4653-B70B-ACBEA617B7C2}.Debug|Any CPU.ActiveCfg = Debug|Any CPU
		{0166EC9C-0973-4653-B70B-ACBEA617B7C2}.Debug|Any CPU.Build.0 = Debug|Any CPU
		{0166EC9C-0973-4653-B70B-ACBEA617B7C2}.Release|Any CPU.ActiveCfg = Release|Any CPU
		{0166EC9C-0973-4653-B70B-ACBEA617B7C2}.Release|Any CPU.Build.0 = Release|Any CPU
		{85A92B23-5297-47FE-9C44-D99755C260D0}.Debug|Any CPU.ActiveCfg = Debug|Any CPU
		{85A92B23-5297-47FE-9C44-D99755C260D0}.Debug|Any CPU.Build.0 = Debug|Any CPU
		{85A92B23-5297-47FE-9C44-D99755C260D0}.Release|Any CPU.ActiveCfg = Release|Any CPU
		{85A92B23-5297-47FE-9C44-D99755C260D0}.Release|Any CPU.Build.0 = Release|Any CPU
		{EF3A4B05-D399-4557-B208-C065E9E26198}.Debug|Any CPU.ActiveCfg = Debug|Any CPU
		{EF3A4B05-D399-4557-B208-C065E9E26198}.Debug|Any CPU.Build.0 = Debug|Any CPU
		{EF3A4B05-D399-4557-B208-C065E9E26198}.Release|Any CPU.ActiveCfg = Release|Any CPU
		{EF3A4B05-D399-4557-B208-C065E9E26198}.Release|Any CPU.Build.0 = Release|Any CPU
		{E3D0EBA9-F217-4201-88A8-CB9ED7E26AC2}.Debug|Any CPU.ActiveCfg = Debug|Any CPU
		{E3D0EBA9-F217-4201-88A8-CB9ED7E26AC2}.Debug|Any CPU.Build.0 = Debug|Any CPU
		{E3D0EBA9-F217-4201-88A8-CB9ED7E26AC2}.Release|Any CPU.ActiveCfg = Release|Any CPU
		{E3D0EBA9-F217-4201-88A8-CB9ED7E26AC2}.Release|Any CPU.Build.0 = Release|Any CPU
	EndGlobalSection
	GlobalSection(SolutionProperties) = preSolution
		HideSolutionNode = FALSE
	EndGlobalSection
	GlobalSection(NestedProjects) = preSolution
		{F5D56F5F-A50D-498A-AB31-3A237D7F3718} = {43701CF9-B9DD-4E71-95E9-551CE857D4A2}
		{3D984F55-4A72-46EE-A8D8-E81ADD9FACA5} = {43701CF9-B9DD-4E71-95E9-551CE857D4A2}
		{D84D2AB2-8E13-49DD-A2C9-3759FA64F0F0} = {3D984F55-4A72-46EE-A8D8-E81ADD9FACA5}
		{142D5BE6-0A61-427A-9A07-AC06771ADE0F} = {3D984F55-4A72-46EE-A8D8-E81ADD9FACA5}
		{D06B9CE6-D0B3-41FD-BFC3-BCAFD07857DD} = {3D984F55-4A72-46EE-A8D8-E81ADD9FACA5}
		{A663D979-F625-48B6-946A-80187265A98D} = {3D984F55-4A72-46EE-A8D8-E81ADD9FACA5}
		{0166EC9C-0973-4653-B70B-ACBEA617B7C2} = {9822D9BB-E65C-4425-B648-C62CD34B63BC}
		{85A92B23-5297-47FE-9C44-D99755C260D0} = {9822D9BB-E65C-4425-B648-C62CD34B63BC}
		{EF3A4B05-D399-4557-B208-C065E9E26198} = {9822D9BB-E65C-4425-B648-C62CD34B63BC}
		{E3D0EBA9-F217-4201-88A8-CB9ED7E26AC2} = {F5D56F5F-A50D-498A-AB31-3A237D7F3718}
	EndGlobalSection
	GlobalSection(ExtensibilityGlobals) = postSolution
		SolutionGuid = {26360675-9C81-4BAF-BD2E-0B5003B39B4F}
	EndGlobalSection
EndGlobal
